{
	"name": "microservices-basecode",
	"version": "1.0.0",
	"lockfileVersion": 1,
	"requires": true,
	"dependencies": {
		"accept": {
			"version": "3.0.2",
			"resolved": "https://registry.npmjs.org/accept/-/accept-3.0.2.tgz",
			"integrity": "sha1-g+Qc7H4RSfP9R0iAQjhz22xsyaw=",
			"dev": true,
			"requires": {
				"boom": "7.2.0",
				"hoek": "5.0.3"
			}
		},
		"ammo": {
			"version": "3.0.1",
			"resolved": "https://registry.npmjs.org/ammo/-/ammo-3.0.1.tgz",
			"integrity": "sha1-x5zurDb7TlUIXqP+DC9Cv6X3yRQ=",
			"dev": true,
			"requires": {
				"hoek": "5.0.3"
			}
		},
		"assertion-error": {
			"version": "1.1.0",
			"resolved": "https://registry.npmjs.org/assertion-error/-/assertion-error-1.1.0.tgz",
			"integrity": "sha512-jgsaNduz+ndvGyFt3uSuWqvy4lCnIJiovtouQN5JZHOKCS2QuhEdbcQHFhVksz2N2U9hXJo8odG7ETyWlEeuDw==",
			"dev": true
		},
		"b64": {
			"version": "4.0.0",
			"resolved": "https://registry.npmjs.org/b64/-/b64-4.0.0.tgz",
			"integrity": "sha1-w39Yfwo4PHAZ6CESDow/WPDSJ3I=",
			"dev": true
		},
		"balanced-match": {
			"version": "1.0.0",
			"resolved": "https://registry.npmjs.org/balanced-match/-/balanced-match-1.0.0.tgz",
			"integrity": "sha1-ibTRmasr7kneFk6gK4nORi1xt2c="
		},
		"big-time": {
			"version": "2.0.1",
			"resolved": "https://registry.npmjs.org/big-time/-/big-time-2.0.1.tgz",
			"integrity": "sha1-aMffjcMPl+lT8lpnp2rJcTwWyd4=",
			"dev": true
		},
		"boom": {
			"version": "7.2.0",
			"resolved": "https://registry.npmjs.org/boom/-/boom-7.2.0.tgz",
			"integrity": "sha1-K/8kpVVldn/ehp7ICDF+sQxI6WY=",
			"dev": true,
			"requires": {
				"hoek": "5.0.3"
			}
		},
		"bounce": {
			"version": "1.2.0",
			"resolved": "https://registry.npmjs.org/bounce/-/bounce-1.2.0.tgz",
			"integrity": "sha1-47rGjHP9JW44CWVR78CfUEhzyMg=",
			"dev": true,
			"requires": {
				"boom": "7.2.0",
				"hoek": "5.0.3"
			}
		},
		"brace-expansion": {
			"version": "1.1.11",
			"resolved": "https://registry.npmjs.org/brace-expansion/-/brace-expansion-1.1.11.tgz",
			"integrity": "sha512-iCuPHDFgrHX7H2vEI/5xpz07zSHB00TpugqhmYtVmMO6518mCuRMoOYFldEBl0g187ufozdaHgWKcYFb61qGiA==",
			"requires": {
				"balanced-match": "1.0.0",
				"concat-map": "0.0.1"
			}
		},
		"browser-stdout": {
			"version": "1.3.1",
			"resolved": "https://registry.npmjs.org/browser-stdout/-/browser-stdout-1.3.1.tgz",
			"integrity": "sha512-qhAVI1+Av2X7qelOfAIYwXONood6XlZE/fXaBSmW/T5SzLAmCgzi+eiWE7fUvbHaeNBQH13UftjpXxsfLkMpgw=="
		},
		"call": {
			"version": "5.0.1",
			"resolved": "https://registry.npmjs.org/call/-/call-5.0.1.tgz",
			"integrity": "sha1-rBtcEG2e3CoXrypKT3TdTwwG6RA=",
			"dev": true,
			"requires": {
				"boom": "7.2.0",
				"hoek": "5.0.3"
			}
		},
		"catbox": {
			"version": "10.0.2",
			"resolved": "https://registry.npmjs.org/catbox/-/catbox-10.0.2.tgz",
			"integrity": "sha1-5qwfNRAtGpvQeRW4LlCNErUKi/o=",
			"dev": true,
			"requires": {
				"boom": "7.2.0",
				"bounce": "1.2.0",
				"hoek": "5.0.3",
				"joi": "13.3.0"
			}
		},
		"catbox-memory": {
			"version": "3.1.2",
			"resolved": "https://registry.npmjs.org/catbox-memory/-/catbox-memory-3.1.2.tgz",
			"integrity": "sha1-Su7BvJlEGcD35gCH8XKq7dm0kRw=",
			"dev": true,
			"requires": {
				"big-time": "2.0.1",
				"boom": "7.2.0",
				"hoek": "5.0.3"
			}
		},
		"chai": {
			"version": "4.1.2",
			"resolved": "https://registry.npmjs.org/chai/-/chai-4.1.2.tgz",
			"integrity": "sha1-D2RYS6ZC8PKs4oBiefTwbKI61zw=",
			"dev": true,
			"requires": {
				"assertion-error": "1.1.0",
				"check-error": "1.0.2",
				"deep-eql": "3.0.1",
				"get-func-name": "2.0.0",
				"pathval": "1.1.0",
				"type-detect": "4.0.8"
			}
		},
		"check-error": {
			"version": "1.0.2",
			"resolved": "https://registry.npmjs.org/check-error/-/check-error-1.0.2.tgz",
			"integrity": "sha1-V00xLt2Iu13YkS6Sht1sCu1KrII=",
			"dev": true
		},
		"commander": {
			"version": "2.15.1",
			"resolved": "https://registry.npmjs.org/commander/-/commander-2.15.1.tgz",
			"integrity": "sha512-VlfT9F3V0v+jr4yxPc5gg9s62/fIVWsd2Bk2iD435um1NlGMYdVCq+MjcXnhYq2icNOizHr1kK+5TI6H0Hy0ag=="
		},
		"concat-map": {
			"version": "0.0.1",
			"resolved": "https://registry.npmjs.org/concat-map/-/concat-map-0.0.1.tgz",
			"integrity": "sha1-2Klr13/Wjfd5OnMDajug1UBdR3s="
		},
		"content": {
			"version": "4.0.5",
			"resolved": "https://registry.npmjs.org/content/-/content-4.0.5.tgz",
			"integrity": "sha1-vFR96ryImrabzhf681hcKfTEG/I=",
			"dev": true,
			"requires": {
				"boom": "7.2.0"
			}
		},
		"cryptiles": {
			"version": "4.1.1",
			"resolved": "https://registry.npmjs.org/cryptiles/-/cryptiles-4.1.1.tgz",
			"integrity": "sha1-FpJWud+f48c/gIXJnjCzIkfUq0Y=",
			"dev": true,
			"requires": {
				"boom": "7.2.0"
			}
		},
		"debug": {
			"version": "3.1.0",
			"resolved": "https://registry.npmjs.org/debug/-/debug-3.1.0.tgz",
			"integrity": "sha512-OX8XqP7/1a9cqkxYw2yXss15f26NKWBpDXQd0/uK/KPqdQhxbPa994hnzjcE2VqQpDslf55723cKPUOGSmMY3g==",
			"requires": {
				"ms": "2.0.0"
			}
		},
		"deep-eql": {
			"version": "3.0.1",
			"resolved": "https://registry.npmjs.org/deep-eql/-/deep-eql-3.0.1.tgz",
			"integrity": "sha512-+QeIQyN5ZuO+3Uk5DYh6/1eKO0m0YmJFGNmFHGACpf1ClL1nmlV/p4gNgbl2pJGxgXb4faqo6UE+M5ACEMyVcw==",
			"dev": true,
			"requires": {
				"type-detect": "4.0.8"
			}
		},
		"diff": {
			"version": "3.5.0",
			"resolved": "https://registry.npmjs.org/diff/-/diff-3.5.0.tgz",
			"integrity": "sha512-A46qtFgd+g7pDZinpnwiRJtxbC1hpgf0uzP3iG89scHk0AUC7A1TGxf5OiiOUv/JMZR8GOt8hL900hV0bOy5xA=="
		},
		"escape-string-regexp": {
			"version": "1.0.5",
			"resolved": "https://registry.npmjs.org/escape-string-regexp/-/escape-string-regexp-1.0.5.tgz",
			"integrity": "sha1-G2HAViGQqN/2rjuyzwIAyhMLhtQ="
		},
		"fs.realpath": {
			"version": "1.0.0",
			"resolved": "https://registry.npmjs.org/fs.realpath/-/fs.realpath-1.0.0.tgz",
			"integrity": "sha1-FQStJSMVjKpA20onh8sBQRmU6k8="
		},
		"get-func-name": {
			"version": "2.0.0",
			"resolved": "https://registry.npmjs.org/get-func-name/-/get-func-name-2.0.0.tgz",
			"integrity": "sha1-6td0q+5y4gQJQzoGY2YCPdaIekE=",
			"dev": true
		},
		"glob": {
			"version": "7.1.2",
			"resolved": "https://registry.npmjs.org/glob/-/glob-7.1.2.tgz",
			"integrity": "sha512-MJTUg1kjuLeQCJ+ccE4Vpa6kKVXkPYJ2mOCQyUuKLcLQsdrMCpBPUi8qVE6+YuaJkozeA9NusTAw3hLr8Xe5EQ==",
			"requires": {
				"fs.realpath": "1.0.0",
				"inflight": "1.0.6",
				"inherits": "2.0.3",
				"minimatch": "3.0.4",
				"once": "1.4.0",
				"path-is-absolute": "1.0.1"
			}
		},
		"growl": {
			"version": "1.10.5",
			"resolved": "https://registry.npmjs.org/growl/-/growl-1.10.5.tgz",
			"integrity": "sha512-qBr4OuELkhPenW6goKVXiv47US3clb3/IbuWF9KNKEijAy9oeHxU9IgzjvJhHkUzhaj7rOUD7+YGWqUjLp5oSA=="
		},
		"hapi": {
			"version": "17.5.0",
			"resolved": "https://registry.npmjs.org/hapi/-/hapi-17.5.0.tgz",
			"integrity": "sha512-/btV0jpXb8ldoywsAt+FZg3qUVCx2ZjeA29Mluo3w/gcCJtzUnZfGALS8xR3d2ssVySm7JXVqeepy37Z02gJLQ==",
			"dev": true,
			"requires": {
				"accept": "3.0.2",
				"ammo": "3.0.1",
				"boom": "7.2.0",
				"bounce": "1.2.0",
				"call": "5.0.1",
				"catbox": "10.0.2",
				"catbox-memory": "3.1.2",
				"heavy": "6.1.0",
				"hoek": "5.0.3",
				"joi": "13.3.0",
				"mimos": "4.0.0",
				"podium": "3.1.2",
				"shot": "4.0.5",
				"statehood": "6.0.6",
				"subtext": "6.0.7",
				"teamwork": "3.0.1",
				"topo": "3.0.0"
			}
		},
		"has-flag": {
			"version": "3.0.0",
			"resolved": "https://registry.npmjs.org/has-flag/-/has-flag-3.0.0.tgz",
			"integrity": "sha1-tdRU3CGZriJWmfNGfloH87lVuv0="
		},
		"he": {
			"version": "1.1.1",
			"resolved": "https://registry.npmjs.org/he/-/he-1.1.1.tgz",
			"integrity": "sha1-k0EP0hsAlzUVH4howvJx80J+I/0="
		},
		"heavy": {
			"version": "6.1.0",
			"resolved": "https://registry.npmjs.org/heavy/-/heavy-6.1.0.tgz",
			"integrity": "sha1-G7+kPcYd1LVD7eP/h9uDBreWcnQ=",
			"dev": true,
			"requires": {
				"boom": "7.2.0",
				"hoek": "5.0.3",
				"joi": "13.3.0"
			}
		},
		"hoek": {
			"version": "5.0.3",
			"resolved": "https://registry.npmjs.org/hoek/-/hoek-5.0.3.tgz",
			"integrity": "sha1-tx1A2UPQqV2gGVa1R/g8SltKNKw=",
			"dev": true
		},
		"inflight": {
			"version": "1.0.6",
			"resolved": "https://registry.npmjs.org/inflight/-/inflight-1.0.6.tgz",
			"integrity": "sha1-Sb1jMdfQLQwJvJEKEHW6gWW1bfk=",
			"requires": {
				"once": "1.4.0",
				"wrappy": "1.0.2"
			}
		},
		"inherits": {
			"version": "2.0.3",
			"resolved": "https://registry.npmjs.org/inherits/-/inherits-2.0.3.tgz",
			"integrity": "sha1-Yzwsg+PaQqUC9SRmAiSA9CCCYd4="
		},
		"iron": {
			"version": "5.0.4",
			"resolved": "https://registry.npmjs.org/iron/-/iron-5.0.4.tgz",
			"integrity": "sha1-AD7YIvZW8HwrYnYoFfXeOUcyaGc=",
			"dev": true,
			"requires": {
				"boom": "7.2.0",
				"cryptiles": "4.1.1",
				"hoek": "5.0.3"
			}
		},
		"isemail": {
			"version": "3.1.2",
			"resolved": "https://registry.npmjs.org/isemail/-/isemail-3.1.2.tgz",
			"integrity": "sha1-k3z5GQAgd5mac+qLGVHVkOhOAd0=",
			"dev": true,
			"requires": {
				"punycode": "2.1.0"
			}
		},
		"joi": {
			"version": "13.3.0",
			"resolved": "https://registry.npmjs.org/joi/-/joi-13.3.0.tgz",
			"integrity": "sha1-Te/UMztTnF0Q5ESrRPWlWDSA8Xw=",
			"dev": true,
			"requires": {
				"hoek": "5.0.3",
				"isemail": "3.1.2",
				"topo": "3.0.0"
			}
		},
		"mime-db": {
			"version": "1.33.0",
			"resolved": "https://registry.npmjs.org/mime-db/-/mime-db-1.33.0.tgz",
			"integrity": "sha1-o0kgUKXLm2NFBUHjnZeI0icng9s=",
			"dev": true
		},
		"mimos": {
			"version": "4.0.0",
			"resolved": "https://registry.npmjs.org/mimos/-/mimos-4.0.0.tgz",
			"integrity": "sha1-duPScShDHLZIL9FbIEdXGa1ialo=",
			"dev": true,
			"requires": {
				"hoek": "5.0.3",
				"mime-db": "1.33.0"
			}
		},
		"minimatch": {
			"version": "3.0.4",
			"resolved": "https://registry.npmjs.org/minimatch/-/minimatch-3.0.4.tgz",
			"integrity": "sha512-yJHVQEhyqPLUTgt9B83PXu6W3rx4MvvHvSUvToogpwoGDOUQ+yDrR0HRot+yOCdCO7u4hX3pWft6kWBBcqh0UA==",
			"requires": {
				"brace-expansion": "1.1.11"
			}
		},
		"minimist": {
			"version": "0.0.8",
			"resolved": "https://registry.npmjs.org/minimist/-/minimist-0.0.8.tgz",
			"integrity": "sha1-hX/Kv8M5fSYluCKCYuhqp6ARsF0="
		},
		"mkdirp": {
			"version": "0.5.1",
			"resolved": "https://registry.npmjs.org/mkdirp/-/mkdirp-0.5.1.tgz",
			"integrity": "sha1-MAV0OOrGz3+MR2fzhkjWaX11yQM=",
			"requires": {
				"minimist": "0.0.8"
			}
		},
		"mocha": {
			"version": "5.2.0",
			"resolved": "https://registry.npmjs.org/mocha/-/mocha-5.2.0.tgz",
			"integrity": "sha512-2IUgKDhc3J7Uug+FxMXuqIyYzH7gJjXECKe/w43IGgQHTSj3InJi+yAA7T24L9bQMRKiUEHxEX37G5JpVUGLcQ==",
			"requires": {
				"browser-stdout": "1.3.1",
				"commander": "2.15.1",
				"debug": "3.1.0",
				"diff": "3.5.0",
				"escape-string-regexp": "1.0.5",
				"glob": "7.1.2",
				"growl": "1.10.5",
				"he": "1.1.1",
				"minimatch": "3.0.4",
				"mkdirp": "0.5.1",
				"supports-color": "5.4.0"
			}
		},
		"ms": {
			"version": "2.0.0",
			"resolved": "https://registry.npmjs.org/ms/-/ms-2.0.0.tgz",
			"integrity": "sha1-VgiurfwAvmwpAd9fmGF4jeDVl8g="
		},
		"nigel": {
			"version": "3.0.1",
			"resolved": "https://registry.npmjs.org/nigel/-/nigel-3.0.1.tgz",
			"integrity": "sha1-SKCIWdZRdzEvHCWvclLB4HuwfCo=",
			"dev": true,
			"requires": {
				"hoek": "5.0.3",
				"vise": "3.0.0"
			}
		},
		"once": {
			"version": "1.4.0",
			"resolved": "https://registry.npmjs.org/once/-/once-1.4.0.tgz",
			"integrity": "sha1-WDsap3WWHUsROsF9nFC6753Xa9E=",
			"requires": {
				"wrappy": "1.0.2"
			}
		},
		"path-is-absolute": {
			"version": "1.0.1",
			"resolved": "https://registry.npmjs.org/path-is-absolute/-/path-is-absolute-1.0.1.tgz",
			"integrity": "sha1-F0uSaHNVNP+8es5r9TpanhtcX18="
		},
		"pathval": {
			"version": "1.1.0",
			"resolved": "https://registry.npmjs.org/pathval/-/pathval-1.1.0.tgz",
			"integrity": "sha1-uULm1L3mUwBe9rcTYd74cn0GReA=",
			"dev": true
		},
		"pez": {
			"version": "4.0.2",
			"resolved": "https://registry.npmjs.org/pez/-/pez-4.0.2.tgz",
			"integrity": "sha1-CnyBtklo6QsOlWKzmPOQk56cS1M=",
			"dev": true,
			"requires": {
				"b64": "4.0.0",
				"boom": "7.2.0",
				"content": "4.0.5",
				"hoek": "5.0.3",
				"nigel": "3.0.1"
			}
		},
		"podium": {
			"version": "3.1.2",
			"resolved": "https://registry.npmjs.org/podium/-/podium-3.1.2.tgz",
			"integrity": "sha1-twFClznPa93mswFa5rSNQAgXzp4=",
			"dev": true,
			"requires": {
				"hoek": "5.0.3",
				"joi": "13.3.0"
			}
		},
		"punycode": {
			"version": "2.1.0",
			"resolved": "https://registry.npmjs.org/punycode/-/punycode-2.1.0.tgz",
			"integrity": "sha1-X4Y+3Im5bbCQdLrXlHvwkFbKTn0=",
			"dev": true
		},
		"shot": {
			"version": "4.0.5",
			"resolved": "https://registry.npmjs.org/shot/-/shot-4.0.5.tgz",
			"integrity": "sha1-x+dFXRHWD2ts08Q+FaO0McF+VWY=",
			"dev": true,
			"requires": {
				"hoek": "5.0.3",
				"joi": "13.3.0"
			}
		},
		"statehood": {
			"version": "6.0.6",
			"resolved": "https://registry.npmjs.org/statehood/-/statehood-6.0.6.tgz",
			"integrity": "sha1-Db18UHdNP2GiTkKwZzCTu8gfpfA=",
			"dev": true,
			"requires": {
				"boom": "7.2.0",
				"bounce": "1.2.0",
				"cryptiles": "4.1.1",
				"hoek": "5.0.3",
				"iron": "5.0.4",
				"joi": "13.3.0"
			}
		},
		"subtext": {
			"version": "6.0.7",
			"resolved": "https://registry.npmjs.org/subtext/-/subtext-6.0.7.tgz",
			"integrity": "sha1-jkCmeQGnNNWYFCZlyQ45g2m4hfk=",
			"dev": true,
			"requires": {
				"boom": "7.2.0",
				"content": "4.0.5",
				"hoek": "5.0.3",
				"pez": "4.0.2",
				"wreck": "14.0.2"
			}
		},
		"supports-color": {
			"version": "5.4.0",
			"resolved": "https://registry.npmjs.org/supports-color/-/supports-color-5.4.0.tgz",
			"integrity": "sha512-zjaXglF5nnWpsq470jSv6P9DwPvgLkuapYmfDm3JWOm0vkNTVF2tI4UrN2r6jH1qM/uc/WtxYY1hYoA2dOKj5w==",
			"requires": {
				"has-flag": "3.0.0"
			}
		},
		"teamwork": {
			"version": "3.0.1",
			"resolved": "https://registry.npmjs.org/teamwork/-/teamwork-3.0.1.tgz",
			"integrity": "sha1-/zjHFh9B+AcLeBNxbrYVQDbs4ZY=",
			"dev": true
		},
		"topo": {
			"version": "3.0.0",
			"resolved": "https://registry.npmjs.org/topo/-/topo-3.0.0.tgz",
			"integrity": "sha1-N+SMMw7+rHhFOOCs0+YspeIx/no=",
			"dev": true,
			"requires": {
				"hoek": "5.0.3"
			}
		},
		"type-detect": {
			"version": "4.0.8",
			"resolved": "https://registry.npmjs.org/type-detect/-/type-detect-4.0.8.tgz",
			"integrity": "sha512-0fr/mIH1dlO+x7TlcMy+bIDqKPsw/70tVyeHW787goQjhmqaZe10uwLujubK9q9Lg6Fiho1KUKDYz0Z7k7g5/g==",
			"dev": true
		},
		"vise": {
			"version": "3.0.0",
			"resolved": "https://registry.npmjs.org/vise/-/vise-3.0.0.tgz",
			"integrity": "sha1-dq0UqzFmnFD7sIF7wOcv7cuzv0w=",
			"dev": true,
			"requires": {
				"hoek": "5.0.3"
			}
		},
		"wrappy": {
			"version": "1.0.2",
			"resolved": "https://registry.npmjs.org/wrappy/-/wrappy-1.0.2.tgz",
			"integrity": "sha1-tSQ9jz7BqjXxNkYFvA0QNuMKtp8="
		},
		"wreck": {
			"version": "14.0.2",
			"resolved": "https://registry.npmjs.org/wreck/-/wreck-14.0.2.tgz",
			"integrity": "sha1-icF6kGHHRe0cOuvLZuoYHbqrRUw=",
			"dev": true,
			"requires": {
				"boom": "7.2.0",
				"hoek": "5.0.3"
			}
		}
	}
}
