{
	"name": "microservices-basecode",
	"version": "1.0.0",
	"lockfileVersion": 1,
	"requires": true,
	"dependencies": {
		"accept": {
			"version": "3.0.2",
			"resolved": "https://registry.npmjs.org/accept/-/accept-3.0.2.tgz",
			"integrity": "sha1-g+Qc7H4RSfP9R0iAQjhz22xsyaw=",
			"dev": true,
			"requires": {
				"boom": "7.x.x",
				"hoek": "5.x.x"
			}
		},
		"agent-base": {
			"version": "4.2.1",
			"resolved": "https://registry.npmjs.org/agent-base/-/agent-base-4.2.1.tgz",
			"integrity": "sha512-JVwXMr9nHYTUXsBFKUqhJwvlcYU/blreOEUkhNR2eXZIvwd+c+o5V4MgDPKWnMS/56awN3TRzIP+KoPn+roQtg==",
			"dev": true,
			"requires": {
				"es6-promisify": "^5.0.0"
			}
		},
		"ammo": {
			"version": "3.0.1",
			"resolved": "https://registry.npmjs.org/ammo/-/ammo-3.0.1.tgz",
			"integrity": "sha1-x5zurDb7TlUIXqP+DC9Cv6X3yRQ=",
			"dev": true,
			"requires": {
				"hoek": "5.x.x"
			}
		},
		"assertion-error": {
			"version": "1.1.0",
			"resolved": "https://registry.npmjs.org/assertion-error/-/assertion-error-1.1.0.tgz",
			"integrity": "sha512-jgsaNduz+ndvGyFt3uSuWqvy4lCnIJiovtouQN5JZHOKCS2QuhEdbcQHFhVksz2N2U9hXJo8odG7ETyWlEeuDw==",
			"dev": true
		},
		"async-limiter": {
			"version": "1.0.0",
			"resolved": "https://registry.npmjs.org/async-limiter/-/async-limiter-1.0.0.tgz",
			"integrity": "sha512-jp/uFnooOiO+L211eZOoSyzpOITMXx1rBITauYykG3BRYPu8h0UcxsPNB04RR5vo4Tyz3+ay17tR6JVf9qzYWg==",
			"dev": true
		},
		"b64": {
			"version": "4.0.0",
			"resolved": "https://registry.npmjs.org/b64/-/b64-4.0.0.tgz",
			"integrity": "sha1-w39Yfwo4PHAZ6CESDow/WPDSJ3I=",
			"dev": true
		},
		"balanced-match": {
			"version": "1.0.0",
			"resolved": "https://registry.npmjs.org/balanced-match/-/balanced-match-1.0.0.tgz",
			"integrity": "sha1-ibTRmasr7kneFk6gK4nORi1xt2c="
		},
		"big-time": {
			"version": "2.0.1",
			"resolved": "https://registry.npmjs.org/big-time/-/big-time-2.0.1.tgz",
			"integrity": "sha1-aMffjcMPl+lT8lpnp2rJcTwWyd4=",
			"dev": true
		},
		"boom": {
			"version": "7.2.0",
			"resolved": "https://registry.npmjs.org/boom/-/boom-7.2.0.tgz",
			"integrity": "sha1-K/8kpVVldn/ehp7ICDF+sQxI6WY=",
			"dev": true,
			"requires": {
				"hoek": "5.x.x"
			}
		},
		"bounce": {
			"version": "1.2.0",
			"resolved": "https://registry.npmjs.org/bounce/-/bounce-1.2.0.tgz",
			"integrity": "sha1-47rGjHP9JW44CWVR78CfUEhzyMg=",
			"dev": true,
			"requires": {
				"boom": "7.x.x",
				"hoek": "5.x.x"
			}
		},
		"bourne": {
			"version": "1.1.2",
			"resolved": "https://registry.npmjs.org/bourne/-/bourne-1.1.2.tgz",
			"integrity": "sha512-b2dgVkTZhkQirNMohgC00rWfpVqEi9y5tKM1k3JvoNx05ODtfQoPPd4js9CYFQoY0IM8LAmnJulEuWv74zjUOg==",
			"dev": true
		},
		"brace-expansion": {
			"version": "1.1.11",
			"resolved": "https://registry.npmjs.org/brace-expansion/-/brace-expansion-1.1.11.tgz",
			"integrity": "sha512-iCuPHDFgrHX7H2vEI/5xpz07zSHB00TpugqhmYtVmMO6518mCuRMoOYFldEBl0g187ufozdaHgWKcYFb61qGiA==",
			"requires": {
				"balanced-match": "^1.0.0",
				"concat-map": "0.0.1"
			}
		},
		"browser-stdout": {
			"version": "1.3.1",
			"resolved": "https://registry.npmjs.org/browser-stdout/-/browser-stdout-1.3.1.tgz",
			"integrity": "sha512-qhAVI1+Av2X7qelOfAIYwXONood6XlZE/fXaBSmW/T5SzLAmCgzi+eiWE7fUvbHaeNBQH13UftjpXxsfLkMpgw=="
		},
		"buffer-from": {
			"version": "1.1.1",
			"resolved": "https://registry.npmjs.org/buffer-from/-/buffer-from-1.1.1.tgz",
			"integrity": "sha512-MQcXEUbCKtEo7bhqEs6560Hyd4XaovZlO/k9V3hjVUF/zwW7KBVdSK4gIt/bzwS9MbR5qob+F5jusZsb0YQK2A==",
			"dev": true
		},
		"call": {
			"version": "5.0.1",
			"resolved": "https://registry.npmjs.org/call/-/call-5.0.1.tgz",
			"integrity": "sha1-rBtcEG2e3CoXrypKT3TdTwwG6RA=",
			"dev": true,
			"requires": {
				"boom": "7.x.x",
				"hoek": "5.x.x"
			}
		},
		"catbox": {
			"version": "10.0.2",
			"resolved": "https://registry.npmjs.org/catbox/-/catbox-10.0.2.tgz",
			"integrity": "sha1-5qwfNRAtGpvQeRW4LlCNErUKi/o=",
			"dev": true,
			"requires": {
				"boom": "7.x.x",
				"bounce": "1.x.x",
				"hoek": "5.x.x",
				"joi": "13.x.x"
			}
		},
		"catbox-memory": {
			"version": "3.1.2",
			"resolved": "https://registry.npmjs.org/catbox-memory/-/catbox-memory-3.1.2.tgz",
			"integrity": "sha1-Su7BvJlEGcD35gCH8XKq7dm0kRw=",
			"dev": true,
			"requires": {
				"big-time": "2.x.x",
				"boom": "7.x.x",
				"hoek": "5.x.x"
			}
		},
		"chai": {
			"version": "4.1.2",
			"resolved": "https://registry.npmjs.org/chai/-/chai-4.1.2.tgz",
			"integrity": "sha1-D2RYS6ZC8PKs4oBiefTwbKI61zw=",
			"dev": true,
			"requires": {
				"assertion-error": "^1.0.1",
				"check-error": "^1.0.1",
				"deep-eql": "^3.0.0",
				"get-func-name": "^2.0.0",
				"pathval": "^1.0.0",
				"type-detect": "^4.0.0"
			}
		},
		"check-error": {
			"version": "1.0.2",
			"resolved": "https://registry.npmjs.org/check-error/-/check-error-1.0.2.tgz",
			"integrity": "sha1-V00xLt2Iu13YkS6Sht1sCu1KrII=",
			"dev": true
		},
		"commander": {
			"version": "2.15.1",
			"resolved": "https://registry.npmjs.org/commander/-/commander-2.15.1.tgz",
			"integrity": "sha512-VlfT9F3V0v+jr4yxPc5gg9s62/fIVWsd2Bk2iD435um1NlGMYdVCq+MjcXnhYq2icNOizHr1kK+5TI6H0Hy0ag=="
		},
		"concat-map": {
			"version": "0.0.1",
			"resolved": "https://registry.npmjs.org/concat-map/-/concat-map-0.0.1.tgz",
			"integrity": "sha1-2Klr13/Wjfd5OnMDajug1UBdR3s="
		},
		"concat-stream": {
			"version": "1.6.2",
			"resolved": "https://registry.npmjs.org/concat-stream/-/concat-stream-1.6.2.tgz",
			"integrity": "sha512-27HBghJxjiZtIk3Ycvn/4kbJk/1uZuJFfuPEns6LaEvpvG1f0hTea8lilrouyo9mVc2GWdcEZ8OLoGmSADlrCw==",
			"dev": true,
			"requires": {
				"buffer-from": "^1.0.0",
				"inherits": "^2.0.3",
				"readable-stream": "^2.2.2",
				"typedarray": "^0.0.6"
			}
		},
		"content": {
			"version": "4.0.5",
			"resolved": "https://registry.npmjs.org/content/-/content-4.0.5.tgz",
			"integrity": "sha1-vFR96ryImrabzhf681hcKfTEG/I=",
			"dev": true,
			"requires": {
				"boom": "7.x.x"
			}
		},
		"core-util-is": {
			"version": "1.0.2",
			"resolved": "https://registry.npmjs.org/core-util-is/-/core-util-is-1.0.2.tgz",
			"integrity": "sha1-tf1UIgqivFq1eqtxQMlAdUUDwac=",
			"dev": true
		},
		"cryptiles": {
			"version": "4.1.3",
			"resolved": "https://registry.npmjs.org/cryptiles/-/cryptiles-4.1.3.tgz",
			"integrity": "sha512-gT9nyTMSUC1JnziQpPbxKGBbUg8VL7Zn2NB4E1cJYvuXdElHrwxrV9bmltZGDzet45zSDGyYceueke1TjynGzw==",
			"dev": true,
			"requires": {
				"boom": "7.x.x"
			}
		},
		"debug": {
			"version": "3.1.0",
			"resolved": "https://registry.npmjs.org/debug/-/debug-3.1.0.tgz",
			"integrity": "sha512-OX8XqP7/1a9cqkxYw2yXss15f26NKWBpDXQd0/uK/KPqdQhxbPa994hnzjcE2VqQpDslf55723cKPUOGSmMY3g==",
			"requires": {
				"ms": "2.0.0"
			}
		},
		"deep-eql": {
			"version": "3.0.1",
			"resolved": "https://registry.npmjs.org/deep-eql/-/deep-eql-3.0.1.tgz",
			"integrity": "sha512-+QeIQyN5ZuO+3Uk5DYh6/1eKO0m0YmJFGNmFHGACpf1ClL1nmlV/p4gNgbl2pJGxgXb4faqo6UE+M5ACEMyVcw==",
			"dev": true,
			"requires": {
				"type-detect": "^4.0.0"
			}
		},
		"diff": {
			"version": "3.5.0",
			"resolved": "https://registry.npmjs.org/diff/-/diff-3.5.0.tgz",
			"integrity": "sha512-A46qtFgd+g7pDZinpnwiRJtxbC1hpgf0uzP3iG89scHk0AUC7A1TGxf5OiiOUv/JMZR8GOt8hL900hV0bOy5xA=="
		},
		"es6-promise": {
			"version": "4.2.6",
			"resolved": "https://registry.npmjs.org/es6-promise/-/es6-promise-4.2.6.tgz",
			"integrity": "sha512-aRVgGdnmW2OiySVPUC9e6m+plolMAJKjZnQlCwNSuK5yQ0JN61DZSO1X1Ufd1foqWRAlig0rhduTCHe7sVtK5Q==",
			"dev": true
		},
		"es6-promisify": {
			"version": "5.0.0",
			"resolved": "https://registry.npmjs.org/es6-promisify/-/es6-promisify-5.0.0.tgz",
			"integrity": "sha1-UQnWLz5W6pZ8S2NQWu8IKRyKUgM=",
			"dev": true,
			"requires": {
				"es6-promise": "^4.0.3"
			}
		},
		"escape-string-regexp": {
			"version": "1.0.5",
			"resolved": "https://registry.npmjs.org/escape-string-regexp/-/escape-string-regexp-1.0.5.tgz",
			"integrity": "sha1-G2HAViGQqN/2rjuyzwIAyhMLhtQ="
		},
		"extract-zip": {
			"version": "1.6.7",
			"resolved": "https://registry.npmjs.org/extract-zip/-/extract-zip-1.6.7.tgz",
			"integrity": "sha1-qEC0uK9kAyZMjbV/Txp0Mz74H+k=",
			"dev": true,
			"requires": {
				"concat-stream": "1.6.2",
				"debug": "2.6.9",
				"mkdirp": "0.5.1",
				"yauzl": "2.4.1"
			},
			"dependencies": {
				"debug": {
					"version": "2.6.9",
					"resolved": "https://registry.npmjs.org/debug/-/debug-2.6.9.tgz",
					"integrity": "sha512-bC7ElrdJaJnPbAP+1EotYvqZsb3ecl5wi6Bfi6BJTUcNowp6cvspg0jXznRTKDjm/E7AdgFBVeAPVMNcKGsHMA==",
					"dev": true,
					"requires": {
						"ms": "2.0.0"
					}
				}
			}
		},
		"fd-slicer": {
			"version": "1.0.1",
			"resolved": "https://registry.npmjs.org/fd-slicer/-/fd-slicer-1.0.1.tgz",
			"integrity": "sha1-i1vL2ewyfFBBv5qwI/1nUPEXfmU=",
			"dev": true,
			"requires": {
				"pend": "~1.2.0"
			}
		},
		"fs.realpath": {
			"version": "1.0.0",
			"resolved": "https://registry.npmjs.org/fs.realpath/-/fs.realpath-1.0.0.tgz",
			"integrity": "sha1-FQStJSMVjKpA20onh8sBQRmU6k8="
		},
		"get-func-name": {
			"version": "2.0.0",
			"resolved": "https://registry.npmjs.org/get-func-name/-/get-func-name-2.0.0.tgz",
			"integrity": "sha1-6td0q+5y4gQJQzoGY2YCPdaIekE=",
			"dev": true
		},
		"glob": {
			"version": "7.1.2",
			"resolved": "https://registry.npmjs.org/glob/-/glob-7.1.2.tgz",
			"integrity": "sha512-MJTUg1kjuLeQCJ+ccE4Vpa6kKVXkPYJ2mOCQyUuKLcLQsdrMCpBPUi8qVE6+YuaJkozeA9NusTAw3hLr8Xe5EQ==",
			"requires": {
				"fs.realpath": "^1.0.0",
				"inflight": "^1.0.4",
				"inherits": "2",
				"minimatch": "^3.0.4",
				"once": "^1.3.0",
				"path-is-absolute": "^1.0.0"
			}
		},
		"growl": {
			"version": "1.10.5",
			"resolved": "https://registry.npmjs.org/growl/-/growl-1.10.5.tgz",
			"integrity": "sha512-qBr4OuELkhPenW6goKVXiv47US3clb3/IbuWF9KNKEijAy9oeHxU9IgzjvJhHkUzhaj7rOUD7+YGWqUjLp5oSA=="
		},
		"hapi": {
			"version": "17.5.0",
			"resolved": "https://registry.npmjs.org/hapi/-/hapi-17.5.0.tgz",
			"integrity": "sha512-/btV0jpXb8ldoywsAt+FZg3qUVCx2ZjeA29Mluo3w/gcCJtzUnZfGALS8xR3d2ssVySm7JXVqeepy37Z02gJLQ==",
			"dev": true,
			"requires": {
				"accept": "3.x.x",
				"ammo": "3.x.x",
				"boom": "7.x.x",
				"bounce": "1.x.x",
				"call": "5.x.x",
				"catbox": "10.x.x",
				"catbox-memory": "3.x.x",
				"heavy": "6.x.x",
				"hoek": "5.x.x",
				"joi": "13.x.x",
				"mimos": "4.x.x",
				"podium": "3.x.x",
				"shot": "4.x.x",
				"statehood": "6.x.x",
				"subtext": "6.x.x",
				"teamwork": "3.x.x",
				"topo": "3.x.x"
			}
		},
		"has-flag": {
			"version": "3.0.0",
			"resolved": "https://registry.npmjs.org/has-flag/-/has-flag-3.0.0.tgz",
			"integrity": "sha1-tdRU3CGZriJWmfNGfloH87lVuv0="
		},
		"he": {
			"version": "1.1.1",
			"resolved": "https://registry.npmjs.org/he/-/he-1.1.1.tgz",
			"integrity": "sha1-k0EP0hsAlzUVH4howvJx80J+I/0="
		},
		"heavy": {
			"version": "6.1.0",
			"resolved": "https://registry.npmjs.org/heavy/-/heavy-6.1.0.tgz",
			"integrity": "sha1-G7+kPcYd1LVD7eP/h9uDBreWcnQ=",
			"dev": true,
			"requires": {
				"boom": "7.x.x",
				"hoek": "5.x.x",
				"joi": "13.x.x"
			}
		},
		"hoek": {
			"version": "5.0.3",
			"resolved": "https://registry.npmjs.org/hoek/-/hoek-5.0.3.tgz",
			"integrity": "sha1-tx1A2UPQqV2gGVa1R/g8SltKNKw=",
			"dev": true
		},
		"https-proxy-agent": {
			"version": "2.2.1",
			"resolved": "https://registry.npmjs.org/https-proxy-agent/-/https-proxy-agent-2.2.1.tgz",
			"integrity": "sha512-HPCTS1LW51bcyMYbxUIOO4HEOlQ1/1qRaFWcyxvwaqUS9TY88aoEuHUY33kuAh1YhVVaDQhLZsnPd+XNARWZlQ==",
			"dev": true,
			"requires": {
				"agent-base": "^4.1.0",
				"debug": "^3.1.0"
			}
		},
		"inflight": {
			"version": "1.0.6",
			"resolved": "https://registry.npmjs.org/inflight/-/inflight-1.0.6.tgz",
			"integrity": "sha1-Sb1jMdfQLQwJvJEKEHW6gWW1bfk=",
			"requires": {
				"once": "^1.3.0",
				"wrappy": "1"
			}
		},
		"inherits": {
			"version": "2.0.3",
			"resolved": "https://registry.npmjs.org/inherits/-/inherits-2.0.3.tgz",
			"integrity": "sha1-Yzwsg+PaQqUC9SRmAiSA9CCCYd4="
		},
		"iron": {
			"version": "5.0.6",
			"resolved": "https://registry.npmjs.org/iron/-/iron-5.0.6.tgz",
			"integrity": "sha512-zYUMOSkEXGBdwlV/AXF9zJC0aLuTJUKHkGeYS5I2g225M5i6SrxQyGJGhPgOR8BK1omL6N5i6TcwfsXbP8/Exw==",
			"dev": true,
			"requires": {
				"b64": "4.x.x",
				"boom": "7.x.x",
				"cryptiles": "4.x.x",
				"hoek": "6.x.x"
			},
			"dependencies": {
				"hoek": {
					"version": "6.1.2",
					"resolved": "https://registry.npmjs.org/hoek/-/hoek-6.1.2.tgz",
					"integrity": "sha512-6qhh/wahGYZHFSFw12tBbJw5fsAhhwrrG/y3Cs0YMTv2WzMnL0oLPnQJjv1QJvEfylRSOFuP+xCu+tdx0tD16Q==",
					"dev": true
				}
			}
		},
		"isarray": {
			"version": "1.0.0",
			"resolved": "https://registry.npmjs.org/isarray/-/isarray-1.0.0.tgz",
			"integrity": "sha1-u5NdSFgsuhaMBoNJV6VKPgcSTxE=",
			"dev": true
		},
		"isemail": {
			"version": "3.1.2",
			"resolved": "https://registry.npmjs.org/isemail/-/isemail-3.1.2.tgz",
			"integrity": "sha1-k3z5GQAgd5mac+qLGVHVkOhOAd0=",
			"dev": true,
			"requires": {
				"punycode": "2.x.x"
			}
		},
		"joi": {
			"version": "13.3.0",
			"resolved": "https://registry.npmjs.org/joi/-/joi-13.3.0.tgz",
			"integrity": "sha1-Te/UMztTnF0Q5ESrRPWlWDSA8Xw=",
			"dev": true,
			"requires": {
				"hoek": "5.x.x",
				"isemail": "3.x.x",
				"topo": "3.x.x"
			}
		},
		"mime": {
			"version": "2.4.0",
			"resolved": "https://registry.npmjs.org/mime/-/mime-2.4.0.tgz",
			"integrity": "sha512-ikBcWwyqXQSHKtciCcctu9YfPbFYZ4+gbHEmE0Q8jzcTYQg5dHCr3g2wwAZjPoJfQVXZq6KXAjpXOTf5/cjT7w==",
			"dev": true
		},
		"mime-db": {
			"version": "1.33.0",
			"resolved": "https://registry.npmjs.org/mime-db/-/mime-db-1.33.0.tgz",
			"integrity": "sha1-o0kgUKXLm2NFBUHjnZeI0icng9s=",
			"dev": true
		},
		"mimos": {
			"version": "4.0.0",
			"resolved": "https://registry.npmjs.org/mimos/-/mimos-4.0.0.tgz",
			"integrity": "sha1-duPScShDHLZIL9FbIEdXGa1ialo=",
			"dev": true,
			"requires": {
				"hoek": "5.x.x",
				"mime-db": "1.x.x"
			}
		},
		"minimatch": {
			"version": "3.0.4",
			"resolved": "https://registry.npmjs.org/minimatch/-/minimatch-3.0.4.tgz",
			"integrity": "sha512-yJHVQEhyqPLUTgt9B83PXu6W3rx4MvvHvSUvToogpwoGDOUQ+yDrR0HRot+yOCdCO7u4hX3pWft6kWBBcqh0UA==",
			"requires": {
				"brace-expansion": "^1.1.7"
			}
		},
		"minimist": {
			"version": "0.0.8",
			"resolved": "https://registry.npmjs.org/minimist/-/minimist-0.0.8.tgz",
			"integrity": "sha1-hX/Kv8M5fSYluCKCYuhqp6ARsF0="
		},
		"mkdirp": {
			"version": "0.5.1",
			"resolved": "https://registry.npmjs.org/mkdirp/-/mkdirp-0.5.1.tgz",
			"integrity": "sha1-MAV0OOrGz3+MR2fzhkjWaX11yQM=",
			"requires": {
				"minimist": "0.0.8"
			}
		},
		"mocha": {
			"version": "5.2.0",
			"resolved": "https://registry.npmjs.org/mocha/-/mocha-5.2.0.tgz",
			"integrity": "sha512-2IUgKDhc3J7Uug+FxMXuqIyYzH7gJjXECKe/w43IGgQHTSj3InJi+yAA7T24L9bQMRKiUEHxEX37G5JpVUGLcQ==",
			"requires": {
				"browser-stdout": "1.3.1",
				"commander": "2.15.1",
				"debug": "3.1.0",
				"diff": "3.5.0",
				"escape-string-regexp": "1.0.5",
				"glob": "7.1.2",
				"growl": "1.10.5",
				"he": "1.1.1",
				"minimatch": "3.0.4",
				"mkdirp": "0.5.1",
				"supports-color": "5.4.0"
			}
		},
		"ms": {
			"version": "2.0.0",
			"resolved": "https://registry.npmjs.org/ms/-/ms-2.0.0.tgz",
			"integrity": "sha1-VgiurfwAvmwpAd9fmGF4jeDVl8g="
		},
		"nigel": {
			"version": "3.0.1",
			"resolved": "https://registry.npmjs.org/nigel/-/nigel-3.0.1.tgz",
			"integrity": "sha1-SKCIWdZRdzEvHCWvclLB4HuwfCo=",
			"dev": true,
			"requires": {
				"hoek": "5.x.x",
				"vise": "3.x.x"
			}
		},
		"once": {
			"version": "1.4.0",
			"resolved": "https://registry.npmjs.org/once/-/once-1.4.0.tgz",
			"integrity": "sha1-WDsap3WWHUsROsF9nFC6753Xa9E=",
			"requires": {
				"wrappy": "1"
			}
		},
		"path-is-absolute": {
			"version": "1.0.1",
			"resolved": "https://registry.npmjs.org/path-is-absolute/-/path-is-absolute-1.0.1.tgz",
			"integrity": "sha1-F0uSaHNVNP+8es5r9TpanhtcX18="
		},
		"pathval": {
			"version": "1.1.0",
			"resolved": "https://registry.npmjs.org/pathval/-/pathval-1.1.0.tgz",
			"integrity": "sha1-uULm1L3mUwBe9rcTYd74cn0GReA=",
			"dev": true
		},
		"pend": {
			"version": "1.2.0",
			"resolved": "https://registry.npmjs.org/pend/-/pend-1.2.0.tgz",
			"integrity": "sha1-elfrVQpng/kRUzH89GY9XI4AelA=",
			"dev": true
		},
		"pez": {
			"version": "4.0.2",
			"resolved": "https://registry.npmjs.org/pez/-/pez-4.0.2.tgz",
			"integrity": "sha1-CnyBtklo6QsOlWKzmPOQk56cS1M=",
			"dev": true,
			"requires": {
				"b64": "4.x.x",
				"boom": "7.x.x",
				"content": "4.x.x",
				"hoek": "5.x.x",
				"nigel": "3.x.x"
			}
		},
		"podium": {
			"version": "3.1.2",
			"resolved": "https://registry.npmjs.org/podium/-/podium-3.1.2.tgz",
			"integrity": "sha1-twFClznPa93mswFa5rSNQAgXzp4=",
			"dev": true,
			"requires": {
				"hoek": "5.x.x",
				"joi": "13.x.x"
			}
		},
		"process-nextick-args": {
			"version": "2.0.0",
			"resolved": "https://registry.npmjs.org/process-nextick-args/-/process-nextick-args-2.0.0.tgz",
			"integrity": "sha512-MtEC1TqN0EU5nephaJ4rAtThHtC86dNN9qCuEhtshvpVBkAW5ZO7BASN9REnF9eoXGcRub+pFuKEpOHE+HbEMw==",
			"dev": true
		},
		"progress": {
			"version": "2.0.3",
			"resolved": "https://registry.npmjs.org/progress/-/progress-2.0.3.tgz",
			"integrity": "sha512-7PiHtLll5LdnKIMw100I+8xJXR5gW2QwWYkT6iJva0bXitZKa/XMrSbdmg3r2Xnaidz9Qumd0VPaMrZlF9V9sA==",
			"dev": true
		},
		"proxy-from-env": {
			"version": "1.0.0",
			"resolved": "https://registry.npmjs.org/proxy-from-env/-/proxy-from-env-1.0.0.tgz",
			"integrity": "sha1-M8UDmPcOp+uW0h97gXYwpVeRx+4=",
			"dev": true
		},
		"punycode": {
			"version": "2.1.0",
			"resolved": "https://registry.npmjs.org/punycode/-/punycode-2.1.0.tgz",
			"integrity": "sha1-X4Y+3Im5bbCQdLrXlHvwkFbKTn0=",
			"dev": true
		},
		"puppeteer": {
			"version": "1.12.2",
			"resolved": "https://registry.npmjs.org/puppeteer/-/puppeteer-1.12.2.tgz",
			"integrity": "sha512-xWSyCeD6EazGlfnQweMpM+Hs6X6PhUYhNTHKFj/axNZDq4OmrVERf70isBf7HsnFgB3zOC1+23/8+wCAZYg+Pg==",
			"dev": true,
			"requires": {
				"debug": "^4.1.0",
				"extract-zip": "^1.6.6",
				"https-proxy-agent": "^2.2.1",
				"mime": "^2.0.3",
				"progress": "^2.0.1",
				"proxy-from-env": "^1.0.0",
				"rimraf": "^2.6.1",
				"ws": "^6.1.0"
			},
			"dependencies": {
				"debug": {
					"version": "4.1.1",
					"resolved": "https://registry.npmjs.org/debug/-/debug-4.1.1.tgz",
					"integrity": "sha512-pYAIzeRo8J6KPEaJ0VWOh5Pzkbw/RetuzehGM7QRRX5he4fPHx2rdKMB256ehJCkX+XRQm16eZLqLNS8RSZXZw==",
					"dev": true,
					"requires": {
						"ms": "^2.1.1"
					}
				},
				"ms": {
					"version": "2.1.1",
					"resolved": "https://registry.npmjs.org/ms/-/ms-2.1.1.tgz",
					"integrity": "sha512-tgp+dl5cGk28utYktBsrFqA7HKgrhgPsg6Z/EfhWI4gl1Hwq8B/GmY/0oXZ6nF8hDVesS/FpnYaD/kOWhYQvyg==",
					"dev": true
				}
			}
		},
		"readable-stream": {
			"version": "2.3.6",
			"resolved": "https://registry.npmjs.org/readable-stream/-/readable-stream-2.3.6.tgz",
			"integrity": "sha512-tQtKA9WIAhBF3+VLAseyMqZeBjW0AHJoxOtYqSUZNJxauErmLbVm2FW1y+J/YA9dUrAC39ITejlZWhVIwawkKw==",
			"dev": true,
			"requires": {
				"core-util-is": "~1.0.0",
				"inherits": "~2.0.3",
				"isarray": "~1.0.0",
				"process-nextick-args": "~2.0.0",
				"safe-buffer": "~5.1.1",
				"string_decoder": "~1.1.1",
				"util-deprecate": "~1.0.1"
			}
		},
		"rimraf": {
			"version": "2.6.3",
			"resolved": "https://registry.npmjs.org/rimraf/-/rimraf-2.6.3.tgz",
			"integrity": "sha512-mwqeW5XsA2qAejG46gYdENaxXjx9onRNCfn7L0duuP4hCuTIi/QO7PDK07KJfp1d+izWPrzEJDcSqBa0OZQriA==",
			"dev": true,
			"requires": {
				"glob": "^7.1.3"
			},
			"dependencies": {
				"glob": {
					"version": "7.1.3",
					"resolved": "https://registry.npmjs.org/glob/-/glob-7.1.3.tgz",
					"integrity": "sha512-vcfuiIxogLV4DlGBHIUOwI0IbrJ8HWPc4MU7HzviGeNho/UJDfi6B5p3sHeWIQ0KGIU0Jpxi5ZHxemQfLkkAwQ==",
					"dev": true,
					"requires": {
						"fs.realpath": "^1.0.0",
						"inflight": "^1.0.4",
						"inherits": "2",
						"minimatch": "^3.0.4",
						"once": "^1.3.0",
						"path-is-absolute": "^1.0.0"
					}
				}
			}
		},
		"safe-buffer": {
			"version": "5.1.2",
			"resolved": "https://registry.npmjs.org/safe-buffer/-/safe-buffer-5.1.2.tgz",
			"integrity": "sha512-Gd2UZBJDkXlY7GbJxfsE8/nvKkUEU1G38c1siN6QP6a9PT9MmHB8GnpscSmMJSoF8LOIrt8ud/wPtojys4G6+g==",
			"dev": true
		},
		"shot": {
			"version": "4.0.5",
			"resolved": "https://registry.npmjs.org/shot/-/shot-4.0.5.tgz",
			"integrity": "sha1-x+dFXRHWD2ts08Q+FaO0McF+VWY=",
			"dev": true,
			"requires": {
				"hoek": "5.x.x",
				"joi": "13.x.x"
			}
		},
		"statehood": {
			"version": "6.0.9",
			"resolved": "https://registry.npmjs.org/statehood/-/statehood-6.0.9.tgz",
			"integrity": "sha512-jbFg1+MYEqfC7ABAoWZoeF4cQUtp3LUvMDUGExL76cMmleBHG7I6xlZFsE8hRi7nEySIvutHmVlLmBe9+2R5LQ==",
			"dev": true,
			"requires": {
				"boom": "7.x.x",
				"bounce": "1.x.x",
				"bourne": "1.x.x",
				"cryptiles": "4.x.x",
				"hoek": "6.x.x",
				"iron": "5.x.x",
				"joi": "14.x.x"
			},
			"dependencies": {
				"hoek": {
					"version": "6.1.2",
					"resolved": "https://registry.npmjs.org/hoek/-/hoek-6.1.2.tgz",
					"integrity": "sha512-6qhh/wahGYZHFSFw12tBbJw5fsAhhwrrG/y3Cs0YMTv2WzMnL0oLPnQJjv1QJvEfylRSOFuP+xCu+tdx0tD16Q==",
					"dev": true
				},
				"joi": {
					"version": "14.3.1",
					"resolved": "https://registry.npmjs.org/joi/-/joi-14.3.1.tgz",
					"integrity": "sha512-LQDdM+pkOrpAn4Lp+neNIFV3axv1Vna3j38bisbQhETPMANYRbFJFUyOZcOClYvM/hppMhGWuKSFEK9vjrB+bQ==",
					"dev": true,
					"requires": {
						"hoek": "6.x.x",
						"isemail": "3.x.x",
						"topo": "3.x.x"
					}
				}
			}
		},
		"string_decoder": {
			"version": "1.1.1",
			"resolved": "https://registry.npmjs.org/string_decoder/-/string_decoder-1.1.1.tgz",
			"integrity": "sha512-n/ShnvDi6FHbbVfviro+WojiFzv+s8MPMHBczVePfUpDJLwoLT0ht1l4YwBCbi8pJAveEEdnkHyPyTP/mzRfwg==",
			"dev": true,
			"requires": {
				"safe-buffer": "~5.1.0"
			}
		},
		"subtext": {
			"version": "6.0.7",
			"resolved": "https://registry.npmjs.org/subtext/-/subtext-6.0.7.tgz",
			"integrity": "sha1-jkCmeQGnNNWYFCZlyQ45g2m4hfk=",
			"dev": true,
			"requires": {
				"boom": "7.x.x",
				"content": "4.x.x",
				"hoek": "5.x.x",
				"pez": "4.x.x",
				"wreck": "14.x.x"
			}
		},
		"supports-color": {
			"version": "5.4.0",
			"resolved": "https://registry.npmjs.org/supports-color/-/supports-color-5.4.0.tgz",
			"integrity": "sha512-zjaXglF5nnWpsq470jSv6P9DwPvgLkuapYmfDm3JWOm0vkNTVF2tI4UrN2r6jH1qM/uc/WtxYY1hYoA2dOKj5w==",
			"requires": {
				"has-flag": "^3.0.0"
			}
		},
		"teamwork": {
			"version": "3.0.1",
			"resolved": "https://registry.npmjs.org/teamwork/-/teamwork-3.0.1.tgz",
			"integrity": "sha1-/zjHFh9B+AcLeBNxbrYVQDbs4ZY=",
			"dev": true
		},
		"topo": {
			"version": "3.0.0",
			"resolved": "https://registry.npmjs.org/topo/-/topo-3.0.0.tgz",
			"integrity": "sha1-N+SMMw7+rHhFOOCs0+YspeIx/no=",
			"dev": true,
			"requires": {
				"hoek": "5.x.x"
			}
		},
		"type-detect": {
			"version": "4.0.8",
			"resolved": "https://registry.npmjs.org/type-detect/-/type-detect-4.0.8.tgz",
			"integrity": "sha512-0fr/mIH1dlO+x7TlcMy+bIDqKPsw/70tVyeHW787goQjhmqaZe10uwLujubK9q9Lg6Fiho1KUKDYz0Z7k7g5/g==",
			"dev": true
		},
		"typedarray": {
			"version": "0.0.6",
			"resolved": "https://registry.npmjs.org/typedarray/-/typedarray-0.0.6.tgz",
			"integrity": "sha1-hnrHTjhkGHsdPUfZlqeOxciDB3c=",
			"dev": true
		},
		"util-deprecate": {
			"version": "1.0.2",
			"resolved": "https://registry.npmjs.org/util-deprecate/-/util-deprecate-1.0.2.tgz",
			"integrity": "sha1-RQ1Nyfpw3nMnYvvS1KKJgUGaDM8=",
			"dev": true
		},
		"vise": {
			"version": "3.0.0",
			"resolved": "https://registry.npmjs.org/vise/-/vise-3.0.0.tgz",
			"integrity": "sha1-dq0UqzFmnFD7sIF7wOcv7cuzv0w=",
			"dev": true,
			"requires": {
				"hoek": "5.x.x"
			}
		},
		"wrappy": {
			"version": "1.0.2",
			"resolved": "https://registry.npmjs.org/wrappy/-/wrappy-1.0.2.tgz",
			"integrity": "sha1-tSQ9jz7BqjXxNkYFvA0QNuMKtp8="
		},
		"wreck": {
			"version": "14.0.2",
			"resolved": "https://registry.npmjs.org/wreck/-/wreck-14.0.2.tgz",
			"integrity": "sha1-icF6kGHHRe0cOuvLZuoYHbqrRUw=",
			"dev": true,
			"requires": {
				"boom": "7.x.x",
				"hoek": "5.x.x"
			}
		},
		"ws": {
			"version": "6.1.4",
			"resolved": "https://registry.npmjs.org/ws/-/ws-6.1.4.tgz",
			"integrity": "sha512-eqZfL+NE/YQc1/ZynhojeV8q+H050oR8AZ2uIev7RU10svA9ZnJUddHcOUZTJLinZ9yEfdA2kSATS2qZK5fhJA==",
			"dev": true,
			"requires": {
				"async-limiter": "~1.0.0"
			}
		},
		"yauzl": {
			"version": "2.4.1",
			"resolved": "https://registry.npmjs.org/yauzl/-/yauzl-2.4.1.tgz",
			"integrity": "sha1-lSj0QtqxsihOWLQ3m7GU4i4MQAU=",
			"dev": true,
			"requires": {
				"fd-slicer": "~1.0.1"
			}
		}
	}
}
